
Microsoft Visual Studio Solution File, Format Version 12.00
# Visual Studio Version 17
VisualStudioVersion = 17.7.34003.232
MinimumVisualStudioVersion = 10.0.40219.1
Project("{FAE04EC0-301F-11D3-BF4B-00C04F79EFBC}") = "ShiftJISGood", "ShiftJISGood\ShiftJISGood.csproj", "{D889B840-A731-4586-93B5-51045827E77A}"
EndProject
Global
	GlobalSection(SolutionConfigurationPlatforms) = preSolution
		Debug|Any CPU = Debug|Any CPU
		Release|Any CPU = Release|Any CPU
	EndGlobalSection
	GlobalSection(ProjectConfigurationPlatforms) = postSolution
		{D889B840-A731-4586-93B5-51045827E77A}.Debug|Any CPU.ActiveCfg = Debug|Any CPU
		{D889B840-A731-4586-93B5-51045827E77A}.Debug|Any CPU.Build.0 = Debug|Any CPU
		{D889B840-A731-4586-93B5-51045827E77A}.Release|Any CPU.ActiveCfg = Release|Any CPU
		{D889B840-A731-4586-93B5-51045827E77A}.Release|Any CPU.Build.0 = Release|Any CPU
	EndGlobalSection
	GlobalSection(SolutionProperties) = preSolution
		HideSolutionNode = FALSE
	EndGlobalSection
	GlobalSection(ExtensibilityGlobals) = postSolution
		SolutionGuid = {5DE93562-AD60-4DEC-9EC9-E197AC3E2FBF}
	EndGlobalSection
EndGlobal
